// !$*UTF8*$!
{
	archiveVersion = 1;
	classes = {
	};
	objectVersion = 48;
	objects = {

/* Begin PBXBuildFile section */
		D45537F3206DE71100E3CC36 /* LTKVONotifying_Person.m in Sources */ = {isa = PBXBuildFile; fileRef = D45537F2206DE71100E3CC36 /* LTKVONotifying_Person.m */; };
		D476B9CF206CDD7700F14566 /* AppDelegate.m in Sources */ = {isa = PBXBuildFile; fileRef = D476B9CE206CDD7700F14566 /* AppDelegate.m */; };
		D476B9D2206CDD7700F14566 /* ViewController.m in Sources */ = {isa = PBXBuildFile; fileRef = D476B9D1206CDD7700F14566 /* ViewController.m */; };
		D476B9D5206CDD7700F14566 /* Main.storyboard in Resources */ = {isa = PBXBuildFile; fileRef = D476B9D3206CDD7700F14566 /* Main.storyboard */; };
		D476B9D7206CDD7700F14566 /* Assets.xcassets in Resources */ = {isa = PBXBuildFile; fileRef = D476B9D6206CDD7700F14566 /* Assets.xcassets */; };
		D476B9DA206CDD7700F14566 /* LaunchScreen.storyboard in Resources */ = {isa = PBXBuildFile; fileRef = D476B9D8206CDD7700F14566 /* LaunchScreen.storyboard */; };
		D476B9DD206CDD7700F14566 /* main.m in Sources */ = {isa = PBXBuildFile; fileRef = D476B9DC206CDD7700F14566 /* main.m */; };
		D476B9E7206CDD7700F14566 /* _______Calculator_Tests.m in Sources */ = {isa = PBXBuildFile; fileRef = D476B9E6206CDD7700F14566 /* _______Calculator_Tests.m */; };
		D476B9F2206CDD7700F14566 /* _______Calculator_UITests.m in Sources */ = {isa = PBXBuildFile; fileRef = D476B9F1206CDD7700F14566 /* _______Calculator_UITests.m */; };
		D476BA03206CDD9200F14566 /* Calculator.m in Sources */ = {isa = PBXBuildFile; fileRef = D476B9FF206CDD9100F14566 /* Calculator.m */; };
		D476BA04206CDD9200F14566 /* NSObject+Calculator.m in Sources */ = {isa = PBXBuildFile; fileRef = D476BA02206CDD9100F14566 /* NSObject+Calculator.m */; };
		D4829AB0206DE00400623E53 /* Person.m in Sources */ = {isa = PBXBuildFile; fileRef = D4829AAF206DE00400623E53 /* Person.m */; };
		D4829AB5206DE21100623E53 /* NSObject+LTObserver.m in Sources */ = {isa = PBXBuildFile; fileRef = D4829AB4206DE21100623E53 /* NSObject+LTObserver.m */; };
		D4EE8EAD207B19CA0023AD01 /* TLRegularLabel.m in Sources */ = {isa = PBXBuildFile; fileRef = D4EE8EAC207B19CA0023AD01 /* TLRegularLabel.m */; };
/* End PBXBuildFile section */

/* Begin PBXContainerItemProxy section */
		D476B9E3206CDD7700F14566 /* PBXContainerItemProxy */ = {
			isa = PBXContainerItemProxy;
			containerPortal = D476B9C2206CDD7700F14566 /* Project object */;
			proxyType = 1;
			remoteGlobalIDString = D476B9C9206CDD7700F14566;
			remoteInfo = "链式编程思想(Calculator)";
		};
		D476B9EE206CDD7700F14566 /* PBXContainerItemProxy */ = {
			isa = PBXContainerItemProxy;
			containerPortal = D476B9C2206CDD7700F14566 /* Project object */;
			proxyType = 1;
			remoteGlobalIDString = D476B9C9206CDD7700F14566;
			remoteInfo = "链式编程思想(Calculator)";
		};
/* End PBXContainerItemProxy section */

/* Begin PBXFileReference section */
		D45537F1206DE71100E3CC36 /* LTKVONotifying_Person.h */ = {isa = PBXFileReference; lastKnownFileType = sourcecode.c.h; path = LTKVONotifying_Person.h; sourceTree = "<group>"; };
		D45537F2206DE71100E3CC36 /* LTKVONotifying_Person.m */ = {isa = PBXFileReference; lastKnownFileType = sourcecode.c.objc; path = LTKVONotifying_Person.m; sourceTree = "<group>"; };
		D476B9CA206CDD7700F14566 /* 链式编程思想(Calculator).app */ = {isa = PBXFileReference; explicitFileType = wrapper.application; includeInIndex = 0; path = "链式编程思想(Calculator).app"; sourceTree = BUILT_PRODUCTS_DIR; };
		D476B9CD206CDD7700F14566 /* AppDelegate.h */ = {isa = PBXFileReference; lastKnownFileType = sourcecode.c.h; path = AppDelegate.h; sourceTree = "<group>"; };
		D476B9CE206CDD7700F14566 /* AppDelegate.m */ = {isa = PBXFileReference; lastKnownFileType = sourcecode.c.objc; path = AppDelegate.m; sourceTree = "<group>"; };
		D476B9D0206CDD7700F14566 /* ViewController.h */ = {isa = PBXFileReference; lastKnownFileType = sourcecode.c.h; path = ViewController.h; sourceTree = "<group>"; };
		D476B9D1206CDD7700F14566 /* ViewController.m */ = {isa = PBXFileReference; lastKnownFileType = sourcecode.c.objc; path = ViewController.m; sourceTree = "<group>"; };
		D476B9D4206CDD7700F14566 /* Base */ = {isa = PBXFileReference; lastKnownFileType = file.storyboard; name = Base; path = Base.lproj/Main.storyboard; sourceTree = "<group>"; };
		D476B9D6206CDD7700F14566 /* Assets.xcassets */ = {isa = PBXFileReference; lastKnownFileType = folder.assetcatalog; path = Assets.xcassets; sourceTree = "<group>"; };
		D476B9D9206CDD7700F14566 /* Base */ = {isa = PBXFileReference; lastKnownFileType = file.storyboard; name = Base; path = Base.lproj/LaunchScreen.storyboard; sourceTree = "<group>"; };
		D476B9DB206CDD7700F14566 /* Info.plist */ = {isa = PBXFileReference; lastKnownFileType = text.plist.xml; path = Info.plist; sourceTree = "<group>"; };
		D476B9DC206CDD7700F14566 /* main.m */ = {isa = PBXFileReference; lastKnownFileType = sourcecode.c.objc; path = main.m; sourceTree = "<group>"; };
		D476B9E2206CDD7700F14566 /* 链式编程思想(Calculator)Tests.xctest */ = {isa = PBXFileReference; explicitFileType = wrapper.cfbundle; includeInIndex = 0; path = "链式编程思想(Calculator)Tests.xctest"; sourceTree = BUILT_PRODUCTS_DIR; };
		D476B9E6206CDD7700F14566 /* _______Calculator_Tests.m */ = {isa = PBXFileReference; lastKnownFileType = sourcecode.c.objc; path = "_______Calculator_Tests.m"; sourceTree = "<group>"; };
		D476B9E8206CDD7700F14566 /* Info.plist */ = {isa = PBXFileReference; lastKnownFileType = text.plist.xml; path = Info.plist; sourceTree = "<group>"; };
		D476B9ED206CDD7700F14566 /* 链式编程思想(Calculator)UITests.xctest */ = {isa = PBXFileReference; explicitFileType = wrapper.cfbundle; includeInIndex = 0; path = "链式编程思想(Calculator)UITests.xctest"; sourceTree = BUILT_PRODUCTS_DIR; };
		D476B9F1206CDD7700F14566 /* _______Calculator_UITests.m */ = {isa = PBXFileReference; lastKnownFileType = sourcecode.c.objc; path = "_______Calculator_UITests.m"; sourceTree = "<group>"; };
		D476B9F3206CDD7700F14566 /* Info.plist */ = {isa = PBXFileReference; lastKnownFileType = text.plist.xml; path = Info.plist; sourceTree = "<group>"; };
		D476B9FF206CDD9100F14566 /* Calculator.m */ = {isa = PBXFileReference; fileEncoding = 4; lastKnownFileType = sourcecode.c.objc; path = Calculator.m; sourceTree = "<group>"; };
		D476BA00206CDD9100F14566 /* NSObject+Calculator.h */ = {isa = PBXFileReference; fileEncoding = 4; lastKnownFileType = sourcecode.c.h; path = "NSObject+Calculator.h"; sourceTree = "<group>"; };
		D476BA01206CDD9100F14566 /* Calculator.h */ = {isa = PBXFileReference; fileEncoding = 4; lastKnownFileType = sourcecode.c.h; path = Calculator.h; sourceTree = "<group>"; };
		D476BA02206CDD9100F14566 /* NSObject+Calculator.m */ = {isa = PBXFileReference; fileEncoding = 4; lastKnownFileType = sourcecode.c.objc; path = "NSObject+Calculator.m"; sourceTree = "<group>"; };
		D4829AAE206DE00400623E53 /* Person.h */ = {isa = PBXFileReference; lastKnownFileType = sourcecode.c.h; path = Person.h; sourceTree = "<group>"; };
		D4829AAF206DE00400623E53 /* Person.m */ = {isa = PBXFileReference; lastKnownFileType = sourcecode.c.objc; path = Person.m; sourceTree = "<group>"; };
		D4829AB3206DE21100623E53 /* NSObject+LTObserver.h */ = {isa = PBXFileReference; lastKnownFileType = sourcecode.c.h; path = "NSObject+LTObserver.h"; sourceTree = "<group>"; };
		D4829AB4206DE21100623E53 /* NSObject+LTObserver.m */ = {isa = PBXFileReference; lastKnownFileType = sourcecode.c.objc; path = "NSObject+LTObserver.m"; sourceTree = "<group>"; };
		D4EE8EAB207B19CA0023AD01 /* TLRegularLabel.h */ = {isa = PBXFileReference; lastKnownFileType = sourcecode.c.h; path = TLRegularLabel.h; sourceTree = "<group>"; };
		D4EE8EAC207B19CA0023AD01 /* TLRegularLabel.m */ = {isa = PBXFileReference; lastKnownFileType = sourcecode.c.objc; path = TLRegularLabel.m; sourceTree = "<group>"; };
/* End PBXFileReference section */

/* Begin PBXFrameworksBuildPhase section */
		D476B9C7206CDD7700F14566 /* Frameworks */ = {
			isa = PBXFrameworksBuildPhase;
			buildActionMask = 2147483647;
			files = (
			);
			runOnlyForDeploymentPostprocessing = 0;
		};
		D476B9DF206CDD7700F14566 /* Frameworks */ = {
			isa = PBXFrameworksBuildPhase;
			buildActionMask = 2147483647;
			files = (
			);
			runOnlyForDeploymentPostprocessing = 0;
		};
		D476B9EA206CDD7700F14566 /* Frameworks */ = {
			isa = PBXFrameworksBuildPhase;
			buildActionMask = 2147483647;
			files = (
			);
			runOnlyForDeploymentPostprocessing = 0;
		};
/* End PBXFrameworksBuildPhase section */

/* Begin PBXGroup section */
		D476B9C1206CDD7700F14566 = {
			isa = PBXGroup;
			children = (
				D476B9CC206CDD7700F14566 /* 链式编程思想(Calculator) */,
				D476B9E5206CDD7700F14566 /* 链式编程思想(Calculator)Tests */,
				D476B9F0206CDD7700F14566 /* 链式编程思想(Calculator)UITests */,
				D476B9CB206CDD7700F14566 /* Products */,
			);
			sourceTree = "<group>";
		};
		D476B9CB206CDD7700F14566 /* Products */ = {
			isa = PBXGroup;
			children = (
				D476B9CA206CDD7700F14566 /* 链式编程思想(Calculator).app */,
				D476B9E2206CDD7700F14566 /* 链式编程思想(Calculator)Tests.xctest */,
				D476B9ED206CDD7700F14566 /* 链式编程思想(Calculator)UITests.xctest */,
			);
			name = Products;
			sourceTree = "<group>";
		};
		D476B9CC206CDD7700F14566 /* 链式编程思想(Calculator) */ = {
			isa = PBXGroup;
			children = (
				D476B9CD206CDD7700F14566 /* AppDelegate.h */,
				D476B9CE206CDD7700F14566 /* AppDelegate.m */,
				D476B9D0206CDD7700F14566 /* ViewController.h */,
				D476B9D1206CDD7700F14566 /* ViewController.m */,
				D4EE8EAB207B19CA0023AD01 /* TLRegularLabel.h */,
				D4EE8EAC207B19CA0023AD01 /* TLRegularLabel.m */,
				D4829AB2206DE02600623E53 /* 响应式 */,
				D4829AB1206DE01600623E53 /* 链式 */,
				D476B9D3206CDD7700F14566 /* Main.storyboard */,
				D476B9D6206CDD7700F14566 /* Assets.xcassets */,
				D476B9D8206CDD7700F14566 /* LaunchScreen.storyboard */,
				D476B9DB206CDD7700F14566 /* Info.plist */,
				D476B9DC206CDD7700F14566 /* main.m */,
			);
			path = "链式编程思想(Calculator)";
			sourceTree = "<group>";
		};
		D476B9E5206CDD7700F14566 /* 链式编程思想(Calculator)Tests */ = {
			isa = PBXGroup;
			children = (
				D476B9E6206CDD7700F14566 /* _______Calculator_Tests.m */,
				D476B9E8206CDD7700F14566 /* Info.plist */,
			);
			path = "链式编程思想(Calculator)Tests";
			sourceTree = "<group>";
		};
		D476B9F0206CDD7700F14566 /* 链式编程思想(Calculator)UITests */ = {
			isa = PBXGroup;
			children = (
				D476B9F1206CDD7700F14566 /* _______Calculator_UITests.m */,
				D476B9F3206CDD7700F14566 /* Info.plist */,
			);
			path = "链式编程思想(Calculator)UITests";
			sourceTree = "<group>";
		};
		D4829AB1206DE01600623E53 /* 链式 */ = {
			isa = PBXGroup;
			children = (
				D476BA01206CDD9100F14566 /* Calculator.h */,
				D476B9FF206CDD9100F14566 /* Calculator.m */,
				D476BA00206CDD9100F14566 /* NSObject+Calculator.h */,
				D476BA02206CDD9100F14566 /* NSObject+Calculator.m */,
			);
			path = "链式";
			sourceTree = "<group>";
		};
		D4829AB2206DE02600623E53 /* 响应式 */ = {
			isa = PBXGroup;
			children = (
				D4829AAE206DE00400623E53 /* Person.h */,
				D4829AAF206DE00400623E53 /* Person.m */,
				D4829AB3206DE21100623E53 /* NSObject+LTObserver.h */,
				D4829AB4206DE21100623E53 /* NSObject+LTObserver.m */,
				D45537F1206DE71100E3CC36 /* LTKVONotifying_Person.h */,
				D45537F2206DE71100E3CC36 /* LTKVONotifying_Person.m */,
			);
			path = "响应式";
			sourceTree = "<group>";
		};
/* End PBXGroup section */

/* Begin PBXNativeTarget section */
		D476B9C9206CDD7700F14566 /* 链式编程思想(Calculator) */ = {
			isa = PBXNativeTarget;
			buildConfigurationList = D476B9F6206CDD7700F14566 /* Build configuration list for PBXNativeTarget "链式编程思想(Calculator)" */;
			buildPhases = (
				D476B9C6206CDD7700F14566 /* Sources */,
				D476B9C7206CDD7700F14566 /* Frameworks */,
				D476B9C8206CDD7700F14566 /* Resources */,
			);
			buildRules = (
			);
			dependencies = (
			);
			name = "链式编程思想(Calculator)";
			productName = "链式编程思想(Calculator)";
			productReference = D476B9CA206CDD7700F14566 /* 链式编程思想(Calculator).app */;
			productType = "com.apple.product-type.application";
		};
		D476B9E1206CDD7700F14566 /* 链式编程思想(Calculator)Tests */ = {
			isa = PBXNativeTarget;
			buildConfigurationList = D476B9F9206CDD7700F14566 /* Build configuration list for PBXNativeTarget "链式编程思想(Calculator)Tests" */;
			buildPhases = (
				D476B9DE206CDD7700F14566 /* Sources */,
				D476B9DF206CDD7700F14566 /* Frameworks */,
				D476B9E0206CDD7700F14566 /* Resources */,
			);
			buildRules = (
			);
			dependencies = (
				D476B9E4206CDD7700F14566 /* PBXTargetDependency */,
			);
			name = "链式编程思想(Calculator)Tests";
			productName = "链式编程思想(Calculator)Tests";
			productReference = D476B9E2206CDD7700F14566 /* 链式编程思想(Calculator)Tests.xctest */;
			productType = "com.apple.product-type.bundle.unit-test";
		};
		D476B9EC206CDD7700F14566 /* 链式编程思想(Calculator)UITests */ = {
			isa = PBXNativeTarget;
			buildConfigurationList = D476B9FC206CDD7700F14566 /* Build configuration list for PBXNativeTarget "链式编程思想(Calculator)UITests" */;
			buildPhases = (
				D476B9E9206CDD7700F14566 /* Sources */,
				D476B9EA206CDD7700F14566 /* Frameworks */,
				D476B9EB206CDD7700F14566 /* Resources */,
			);
			buildRules = (
			);
			dependencies = (
				D476B9EF206CDD7700F14566 /* PBXTargetDependency */,
			);
			name = "链式编程思想(Calculator)UITests";
			productName = "链式编程思想(Calculator)UITests";
			productReference = D476B9ED206CDD7700F14566 /* 链式编程思想(Calculator)UITests.xctest */;
			productType = "com.apple.product-type.bundle.ui-testing";
		};
/* End PBXNativeTarget section */

/* Begin PBXProject section */
		D476B9C2206CDD7700F14566 /* Project object */ = {
			isa = PBXProject;
			attributes = {
				LastUpgradeCheck = 0920;
				ORGANIZATIONNAME = corepress;
				TargetAttributes = {
					D476B9C9206CDD7700F14566 = {
						CreatedOnToolsVersion = 9.2;
						ProvisioningStyle = Automatic;
					};
					D476B9E1206CDD7700F14566 = {
						CreatedOnToolsVersion = 9.2;
						ProvisioningStyle = Automatic;
						TestTargetID = D476B9C9206CDD7700F14566;
					};
					D476B9EC206CDD7700F14566 = {
						CreatedOnToolsVersion = 9.2;
						ProvisioningStyle = Automatic;
						TestTargetID = D476B9C9206CDD7700F14566;
					};
				};
			};
			buildConfigurationList = D476B9C5206CDD7700F14566 /* Build configuration list for PBXProject "链式编程思想(Calculator)" */;
			compatibilityVersion = "Xcode 8.0";
			developmentRegion = en;
			hasScannedForEncodings = 0;
			knownRegions = (
				en,
				Base,
			);
			mainGroup = D476B9C1206CDD7700F14566;
			productRefGroup = D476B9CB206CDD7700F14566 /* Products */;
			projectDirPath = "";
			projectRoot = "";
			targets = (
				D476B9C9206CDD7700F14566 /* 链式编程思想(Calculator) */,
				D476B9E1206CDD7700F14566 /* 链式编程思想(Calculator)Tests */,
				D476B9EC206CDD7700F14566 /* 链式编程思想(Calculator)UITests */,
			);
		};
/* End PBXProject section */

/* Begin PBXResourcesBuildPhase section */
		D476B9C8206CDD7700F14566 /* Resources */ = {
			isa = PBXResourcesBuildPhase;
			buildActionMask = 2147483647;
			files = (
				D476B9DA206CDD7700F14566 /* LaunchScreen.storyboard in Resources */,
				D476B9D7206CDD7700F14566 /* Assets.xcassets in Resources */,
				D476B9D5206CDD7700F14566 /* Main.storyboard in Resources */,
			);
			runOnlyForDeploymentPostprocessing = 0;
		};
		D476B9E0206CDD7700F14566 /* Resources */ = {
			isa = PBXResourcesBuildPhase;
			buildActionMask = 2147483647;
			files = (
			);
			runOnlyForDeploymentPostprocessing = 0;
		};
		D476B9EB206CDD7700F14566 /* Resources */ = {
			isa = PBXResourcesBuildPhase;
			buildActionMask = 2147483647;
			files = (
			);
			runOnlyForDeploymentPostprocessing = 0;
		};
/* End PBXResourcesBuildPhase section */

/* Begin PBXSourcesBuildPhase section */
		D476B9C6206CDD7700F14566 /* Sources */ = {
			isa = PBXSourcesBuildPhase;
			buildActionMask = 2147483647;
			files = (
				D4EE8EAD207B19CA0023AD01 /* TLRegularLabel.m in Sources */,
				D4829AB0206DE00400623E53 /* Person.m in Sources */,
				D476B9D2206CDD7700F14566 /* ViewController.m in Sources */,
				D4829AB5206DE21100623E53 /* NSObject+LTObserver.m in Sources */,
				D476BA03206CDD9200F14566 /* Calculator.m in Sources */,
				D476BA04206CDD9200F14566 /* NSObject+Calculator.m in Sources */,
				D476B9DD206CDD7700F14566 /* main.m in Sources */,
				D476B9CF206CDD7700F14566 /* AppDelegate.m in Sources */,
				D45537F3206DE71100E3CC36 /* LTKVONotifying_Person.m in Sources */,
			);
			runOnlyForDeploymentPostprocessing = 0;
		};
		D476B9DE206CDD7700F14566 /* Sources */ = {
			isa = PBXSourcesBuildPhase;
			buildActionMask = 2147483647;
			files = (
				D476B9E7206CDD7700F14566 /* _______Calculator_Tests.m in Sources */,
			);
			runOnlyForDeploymentPostprocessing = 0;
		};
		D476B9E9206CDD7700F14566 /* Sources */ = {
			isa = PBXSourcesBuildPhase;
			buildActionMask = 2147483647;
			files = (
				D476B9F2206CDD7700F14566 /* _______Calculator_UITests.m in Sources */,
			);
			runOnlyForDeploymentPostprocessing = 0;
		};
/* End PBXSourcesBuildPhase section */

/* Begin PBXTargetDependency section */
		D476B9E4206CDD7700F14566 /* PBXTargetDependency */ = {
			isa = PBXTargetDependency;
			target = D476B9C9206CDD7700F14566 /* 链式编程思想(Calculator) */;
			targetProxy = D476B9E3206CDD7700F14566 /* PBXContainerItemProxy */;
		};
		D476B9EF206CDD7700F14566 /* PBXTargetDependency */ = {
			isa = PBXTargetDependency;
			target = D476B9C9206CDD7700F14566 /* 链式编程思想(Calculator) */;
			targetProxy = D476B9EE206CDD7700F14566 /* PBXContainerItemProxy */;
		};
/* End PBXTargetDependency section */

/* Begin PBXVariantGroup section */
		D476B9D3206CDD7700F14566 /* Main.storyboard */ = {
			isa = PBXVariantGroup;
			children = (
				D476B9D4206CDD7700F14566 /* Base */,
			);
			name = Main.storyboard;
			sourceTree = "<group>";
		};
		D476B9D8206CDD7700F14566 /* LaunchScreen.storyboard */ = {
			isa = PBXVariantGroup;
			children = (
				D476B9D9206CDD7700F14566 /* Base */,
			);
			name = LaunchScreen.storyboard;
			sourceTree = "<group>";
		};
/* End PBXVariantGroup section */

/* Begin XCBuildConfiguration section */
		D476B9F4206CDD7700F14566 /* Debug */ = {
			isa = XCBuildConfiguration;
			buildSettings = {
				ALWAYS_SEARCH_USER_PATHS = NO;
				CLANG_ANALYZER_NONNULL = YES;
				CLANG_ANALYZER_NUMBER_OBJECT_CONVERSION = YES_AGGRESSIVE;
				CLANG_CXX_LANGUAGE_STANDARD = "gnu++14";
				CLANG_CXX_LIBRARY = "libc++";
				CLANG_ENABLE_MODULES = YES;
				CLANG_ENABLE_OBJC_ARC = YES;
				CLANG_WARN_BLOCK_CAPTURE_AUTORELEASING = YES;
				CLANG_WARN_BOOL_CONVERSION = YES;
				CLANG_WARN_COMMA = YES;
				CLANG_WARN_CONSTANT_CONVERSION = YES;
				CLANG_WARN_DIRECT_OBJC_ISA_USAGE = YES_ERROR;
				CLANG_WARN_DOCUMENTATION_COMMENTS = YES;
				CLANG_WARN_EMPTY_BODY = YES;
				CLANG_WARN_ENUM_CONVERSION = YES;
				CLANG_WARN_INFINITE_RECURSION = YES;
				CLANG_WARN_INT_CONVERSION = YES;
				CLANG_WARN_NON_LITERAL_NULL_CONVERSION = YES;
				CLANG_WARN_OBJC_LITERAL_CONVERSION = YES;
				CLANG_WARN_OBJC_ROOT_CLASS = YES_ERROR;
				CLANG_WARN_RANGE_LOOP_ANALYSIS = YES;
				CLANG_WARN_STRICT_PROTOTYPES = YES;
				CLANG_WARN_SUSPICIOUS_MOVE = YES;
				CLANG_WARN_UNGUARDED_AVAILABILITY = YES_AGGRESSIVE;
				CLANG_WARN_UNREACHABLE_CODE = YES;
				CLANG_WARN__DUPLICATE_METHOD_MATCH = YES;
				CODE_SIGN_IDENTITY = "iPhone Developer";
				COPY_PHASE_STRIP = NO;
				DEBUG_INFORMATION_FORMAT = dwarf;
				ENABLE_STRICT_OBJC_MSGSEND = YES;
				ENABLE_TESTABILITY = YES;
				GCC_C_LANGUAGE_STANDARD = gnu11;
				GCC_DYNAMIC_NO_PIC = NO;
				GCC_NO_COMMON_BLOCKS = YES;
				GCC_OPTIMIZATION_LEVEL = 0;
				GCC_PREPROCESSOR_DEFINITIONS = (
					"DEBUG=1",
					"$(inherited)",
				);
				GCC_WARN_64_TO_32_BIT_CONVERSION = YES;
				GCC_WARN_ABOUT_RETURN_TYPE = YES_ERROR;
				GCC_WARN_UNDECLARED_SELECTOR = YES;
				GCC_WARN_UNINITIALIZED_AUTOS = YES_AGGRESSIVE;
				GCC_WARN_UNUSED_FUNCTION = YES;
				GCC_WARN_UNUSED_VARIABLE = YES;
				IPHONEOS_DEPLOYMENT_TARGET = 11.2;
				MTL_ENABLE_DEBUG_INFO = YES;
				ONLY_ACTIVE_ARCH = YES;
				SDKROOT = iphoneos;
			};
			name = Debug;
		};
		D476B9F5206CDD7700F14566 /* Release */ = {
			isa = XCBuildConfiguration;
			buildSettings = {
				ALWAYS_SEARCH_USER_PATHS = NO;
				CLANG_ANALYZER_NONNULL = YES;
				CLANG_ANALYZER_NUMBER_OBJECT_CONVERSION = YES_AGGRESSIVE;
				CLANG_CXX_LANGUAGE_STANDARD = "gnu++14";
				CLANG_CXX_LIBRARY = "libc++";
				CLANG_ENABLE_MODULES = YES;
				CLANG_ENABLE_OBJC_ARC = YES;
				CLANG_WARN_BLOCK_CAPTURE_AUTORELEASING = YES;
				CLANG_WARN_BOOL_CONVERSION = YES;
				CLANG_WARN_COMMA = YES;
				CLANG_WARN_CONSTANT_CONVERSION = YES;
				CLANG_WARN_DIRECT_OBJC_ISA_USAGE = YES_ERROR;
				CLANG_WARN_DOCUMENTATION_COMMENTS = YES;
				CLANG_WARN_EMPTY_BODY = YES;
				CLANG_WARN_ENUM_CONVERSION = YES;
				CLANG_WARN_INFINITE_RECURSION = YES;
				CLANG_WARN_INT_CONVERSION = YES;
				CLANG_WARN_NON_LITERAL_NULL_CONVERSION = YES;
				CLANG_WARN_OBJC_LITERAL_CONVERSION = YES;
				CLANG_WARN_OBJC_ROOT_CLASS = YES_ERROR;
				CLANG_WARN_RANGE_LOOP_ANALYSIS = YES;
				CLANG_WARN_STRICT_PROTOTYPES = YES;
				CLANG_WARN_SUSPICIOUS_MOVE = YES;
				CLANG_WARN_UNGUARDED_AVAILABILITY = YES_AGGRESSIVE;
				CLANG_WARN_UNREACHABLE_CODE = YES;
				CLANG_WARN__DUPLICATE_METHOD_MATCH = YES;
				CODE_SIGN_IDENTITY = "iPhone Developer";
				COPY_PHASE_STRIP = NO;
				DEBUG_INFORMATION_FORMAT = "dwarf-with-dsym";
				ENABLE_NS_ASSERTIONS = NO;
				ENABLE_STRICT_OBJC_MSGSEND = YES;
				GCC_C_LANGUAGE_STANDARD = gnu11;
				GCC_NO_COMMON_BLOCKS = YES;
				GCC_WARN_64_TO_32_BIT_CONVERSION = YES;
				GCC_WARN_ABOUT_RETURN_TYPE = YES_ERROR;
				GCC_WARN_UNDECLARED_SELECTOR = YES;
				GCC_WARN_UNINITIALIZED_AUTOS = YES_AGGRESSIVE;
				GCC_WARN_UNUSED_FUNCTION = YES;
				GCC_WARN_UNUSED_VARIABLE = YES;
				IPHONEOS_DEPLOYMENT_TARGET = 11.2;
				MTL_ENABLE_DEBUG_INFO = NO;
				SDKROOT = iphoneos;
				VALIDATE_PRODUCT = YES;
			};
			name = Release;
		};
		D476B9F7206CDD7700F14566 /* Debug */ = {
			isa = XCBuildConfiguration;
			buildSettings = {
				ASSETCATALOG_COMPILER_APPICON_NAME = AppIcon;
				CODE_SIGN_STYLE = Automatic;
				INFOPLIST_FILE = "链式编程思想(Calculator)/Info.plist";
				LD_RUNPATH_SEARCH_PATHS = "$(inherited) @executable_path/Frameworks";
				PRODUCT_BUNDLE_IDENTIFIER = "com.CorePress.-LTD.-------Calculator-";
				PRODUCT_NAME = "$(TARGET_NAME)";
				TARGETED_DEVICE_FAMILY = "1,2";
			};
			name = Debug;
		};
		D476B9F8206CDD7700F14566 /* Release */ = {
			isa = XCBuildConfiguration;
			buildSettings = {
				ASSETCATALOG_COMPILER_APPICON_NAME = AppIcon;
				CODE_SIGN_STYLE = Automatic;
				INFOPLIST_FILE = "链式编程思想(Calculator)/Info.plist";
				LD_RUNPATH_SEARCH_PATHS = "$(inherited) @executable_path/Frameworks";
				PRODUCT_BUNDLE_IDENTIFIER = "com.CorePress.-LTD.-------Calculator-";
				PRODUCT_NAME = "$(TARGET_NAME)";
				TARGETED_DEVICE_FAMILY = "1,2";
			};
			name = Release;
		};
		D476B9FA206CDD7700F14566 /* Debug */ = {
			isa = XCBuildConfiguration;
			buildSettings = {
				BUNDLE_LOADER = "$(TEST_HOST)";
				CODE_SIGN_STYLE = Automatic;
				INFOPLIST_FILE = "链式编程思想(Calculator)Tests/Info.plist";
				LD_RUNPATH_SEARCH_PATHS = "$(inherited) @executable_path/Frameworks @loader_path/Frameworks";
				PRODUCT_BUNDLE_IDENTIFIER = "com.CorePress.-LTD.-------Calculator-Tests";
				PRODUCT_NAME = "$(TARGET_NAME)";
				TARGETED_DEVICE_FAMILY = "1,2";
				TEST_HOST = "$(BUILT_PRODUCTS_DIR)/链式编程思想(Calculator).app/链式编程思想(Calculator)";
			};
			name = Debug;
		};
		D476B9FB206CDD7700F14566 /* Release */ = {
			isa = XCBuildConfiguration;
			buildSettings = {
				BUNDLE_LOADER = "$(TEST_HOST)";
				CODE_SIGN_STYLE = Automatic;
				INFOPLIST_FILE = "链式编程思想(Calculator)Tests/Info.plist";
				LD_RUNPATH_SEARCH_PATHS = "$(inherited) @executable_path/Frameworks @loader_path/Frameworks";
				PRODUCT_BUNDLE_IDENTIFIER = "com.CorePress.-LTD.-------Calculator-Tests";
				PRODUCT_NAME = "$(TARGET_NAME)";
				TARGETED_DEVICE_FAMILY = "1,2";
				TEST_HOST = "$(BUILT_PRODUCTS_DIR)/链式编程思想(Calculator).app/链式编程思想(Calculator)";
			};
			name = Release;
		};
		D476B9FD206CDD7700F14566 /* Debug */ = {
			isa = XCBuildConfiguration;
			buildSettings = {
				CODE_SIGN_STYLE = Automatic;
				INFOPLIST_FILE = "链式编程思想(Calculator)UITests/Info.plist";
				LD_RUNPATH_SEARCH_PATHS = "$(inherited) @executable_path/Frameworks @loader_path/Frameworks";
				PRODUCT_BUNDLE_IDENTIFIER = "com.CorePress.-LTD.-------Calculator-UITests";
				PRODUCT_NAME = "$(TARGET_NAME)";
				TARGETED_DEVICE_FAMILY = "1,2";
				TEST_TARGET_NAME = "链式编程思想(Calculator)";
			};
			name = Debug;
		};
		D476B9FE206CDD7700F14566 /* Release */ = {
			isa = XCBuildConfiguration;
			buildSettings = {
				CODE_SIGN_STYLE = Automatic;
				INFOPLIST_FILE = "链式编程思想(Calculator)UITests/Info.plist";
				LD_RUNPATH_SEARCH_PATHS = "$(inherited) @executable_path/Frameworks @loader_path/Frameworks";
				PRODUCT_BUNDLE_IDENTIFIER = "com.CorePress.-LTD.-------Calculator-UITests";
				PRODUCT_NAME = "$(TARGET_NAME)";
				TARGETED_DEVICE_FAMILY = "1,2";
				TEST_TARGET_NAME = "链式编程思想(Calculator)";
			};
			name = Release;
		};
/* End XCBuildConfiguration section */

/* Begin XCConfigurationList section */
		D476B9C5206CDD7700F14566 /* Build configuration list for PBXProject "链式编程思想(Calculator)" */ = {
			isa = XCConfigurationList;
			buildConfigurations = (
				D476B9F4206CDD7700F14566 /* Debug */,
				D476B9F5206CDD7700F14566 /* Release */,
			);
			defaultConfigurationIsVisible = 0;
			defaultConfigurationName = Release;
		};
		D476B9F6206CDD7700F14566 /* Build configuration list for PBXNativeTarget "链式编程思想(Calculator)" */ = {
			isa = XCConfigurationList;
			buildConfigurations = (
				D476B9F7206CDD7700F14566 /* Debug */,
				D476B9F8206CDD7700F14566 /* Release */,
			);
			defaultConfigurationIsVisible = 0;
			defaultConfigurationName = Release;
		};
		D476B9F9206CDD7700F14566 /* Build configuration list for PBXNativeTarget "链式编程思想(Calculator)Tests" */ = {
			isa = XCConfigurationList;
			buildConfigurations = (
				D476B9FA206CDD7700F14566 /* Debug */,
				D476B9FB206CDD7700F14566 /* Release */,
			);
			defaultConfigurationIsVisible = 0;
			defaultConfigurationName = Release;
		};
		D476B9FC206CDD7700F14566 /* Build configuration list for PBXNativeTarget "链式编程思想(Calculator)UITests" */ = {
			isa = XCConfigurationList;
			buildConfigurations = (
				D476B9FD206CDD7700F14566 /* Debug */,
				D476B9FE206CDD7700F14566 /* Release */,
			);
			defaultConfigurationIsVisible = 0;
			defaultConfigurationName = Release;
		};
/* End XCConfigurationList section */
	};
	rootObject = D476B9C2206CDD7700F14566 /* Project object */;
}
